
Microsoft Visual Studio Solution File, Format Version 12.00
# Visual Studio Version 16
VisualStudioVersion = 16.0.29609.76
MinimumVisualStudioVersion = 10.0.40219.1
Project("{FAE04EC0-301F-11D3-BF4B-00C04F79EFBC}") = "EjercicioStructs", "EjercicioStructs\EjercicioStructs.csproj", "{77F11EA0-27DE-4BF4-9421-F2A9006FE54F}"
EndProject
Global
	GlobalSection(SolutionConfigurationPlatforms) = preSolution
		Debug|Any CPU = Debug|Any CPU
		Release|Any CPU = Release|Any CPU
	EndGlobalSection
	GlobalSection(ProjectConfigurationPlatforms) = postSolution
		{77F11EA0-27DE-4BF4-9421-F2A9006FE54F}.Debug|Any CPU.ActiveCfg = Debug|Any CPU
		{77F11EA0-27DE-4BF4-9421-F2A9006FE54F}.Debug|Any CPU.Build.0 = Debug|Any CPU
		{77F11EA0-27DE-4BF4-9421-F2A9006FE54F}.Release|Any CPU.ActiveCfg = Release|Any CPU
		{77F11EA0-27DE-4BF4-9421-F2A9006FE54F}.Release|Any CPU.Build.0 = Release|Any CPU
	EndGlobalSection
	GlobalSection(SolutionProperties) = preSolution
		HideSolutionNode = FALSE
	EndGlobalSection
	GlobalSection(ExtensibilityGlobals) = postSolution
		SolutionGuid = {1F79E4A1-4D26-4C29-B798-51E45B1C9E78}
	EndGlobalSection
EndGlobal
