
Microsoft Visual Studio Solution File, Format Version 12.00
# Visual Studio Version 16
VisualStudioVersion = 16.0.29609.76
MinimumVisualStudioVersion = 10.0.40219.1
Project("{FAE04EC0-301F-11D3-BF4B-00C04F79EFBC}") = "2.CondicionalesEjemplo", "2.CondicionalesEjemplo\2.CondicionalesEjemplo.csproj", "{908B5894-20C2-4BEC-9C31-77B2AD3BDEE7}"
EndProject
Global
	GlobalSection(SolutionConfigurationPlatforms) = preSolution
		Debug|Any CPU = Debug|Any CPU
		Release|Any CPU = Release|Any CPU
	EndGlobalSection
	GlobalSection(ProjectConfigurationPlatforms) = postSolution
		{908B5894-20C2-4BEC-9C31-77B2AD3BDEE7}.Debug|Any CPU.ActiveCfg = Debug|Any CPU
		{908B5894-20C2-4BEC-9C31-77B2AD3BDEE7}.Debug|Any CPU.Build.0 = Debug|Any CPU
		{908B5894-20C2-4BEC-9C31-77B2AD3BDEE7}.Release|Any CPU.ActiveCfg = Release|Any CPU
		{908B5894-20C2-4BEC-9C31-77B2AD3BDEE7}.Release|Any CPU.Build.0 = Release|Any CPU
	EndGlobalSection
	GlobalSection(SolutionProperties) = preSolution
		HideSolutionNode = FALSE
	EndGlobalSection
	GlobalSection(ExtensibilityGlobals) = postSolution
		SolutionGuid = {4882A9BA-37CA-40CE-8264-565D45FDE029}
	EndGlobalSection
EndGlobal
