
Microsoft Visual Studio Solution File, Format Version 12.00
# Visual Studio Version 16
VisualStudioVersion = 16.0.29609.76
MinimumVisualStudioVersion = 10.0.40219.1
Project("{FAE04EC0-301F-11D3-BF4B-00C04F79EFBC}") = "EjemploAvisos", "EjemploAvisos\EjemploAvisos.csproj", "{7523C577-6AE0-4751-9E04-2D2E172FFBFE}"
EndProject
Global
	GlobalSection(SolutionConfigurationPlatforms) = preSolution
		Debug|Any CPU = Debug|Any CPU
		Release|Any CPU = Release|Any CPU
	EndGlobalSection
	GlobalSection(ProjectConfigurationPlatforms) = postSolution
		{7523C577-6AE0-4751-9E04-2D2E172FFBFE}.Debug|Any CPU.ActiveCfg = Debug|Any CPU
		{7523C577-6AE0-4751-9E04-2D2E172FFBFE}.Debug|Any CPU.Build.0 = Debug|Any CPU
		{7523C577-6AE0-4751-9E04-2D2E172FFBFE}.Release|Any CPU.ActiveCfg = Release|Any CPU
		{7523C577-6AE0-4751-9E04-2D2E172FFBFE}.Release|Any CPU.Build.0 = Release|Any CPU
	EndGlobalSection
	GlobalSection(SolutionProperties) = preSolution
		HideSolutionNode = FALSE
	EndGlobalSection
	GlobalSection(ExtensibilityGlobals) = postSolution
		SolutionGuid = {D4AF633D-330F-4CFF-9769-89877B7E7CAE}
	EndGlobalSection
EndGlobal
