
Microsoft Visual Studio Solution File, Format Version 12.00
# Visual Studio Version 16
VisualStudioVersion = 16.0.29609.76
MinimumVisualStudioVersion = 10.0.40219.1
Project("{FAE04EC0-301F-11D3-BF4B-00C04F79EFBC}") = "EjemploLinkedList", "EjemploLinkedList\EjemploLinkedList.csproj", "{E1AA95B4-BDCE-4CF1-A7E2-BC2A532BB293}"
EndProject
Global
	GlobalSection(SolutionConfigurationPlatforms) = preSolution
		Debug|Any CPU = Debug|Any CPU
		Release|Any CPU = Release|Any CPU
	EndGlobalSection
	GlobalSection(ProjectConfigurationPlatforms) = postSolution
		{E1AA95B4-BDCE-4CF1-A7E2-BC2A532BB293}.Debug|Any CPU.ActiveCfg = Debug|Any CPU
		{E1AA95B4-BDCE-4CF1-A7E2-BC2A532BB293}.Debug|Any CPU.Build.0 = Debug|Any CPU
		{E1AA95B4-BDCE-4CF1-A7E2-BC2A532BB293}.Release|Any CPU.ActiveCfg = Release|Any CPU
		{E1AA95B4-BDCE-4CF1-A7E2-BC2A532BB293}.Release|Any CPU.Build.0 = Release|Any CPU
	EndGlobalSection
	GlobalSection(SolutionProperties) = preSolution
		HideSolutionNode = FALSE
	EndGlobalSection
	GlobalSection(ExtensibilityGlobals) = postSolution
		SolutionGuid = {820C1D5A-FA89-4DF3-A909-DAFFEE532F74}
	EndGlobalSection
EndGlobal
