
Microsoft Visual Studio Solution File, Format Version 12.00
# Visual Studio Version 16
VisualStudioVersion = 16.0.29609.76
MinimumVisualStudioVersion = 10.0.40219.1
Project("{FAE04EC0-301F-11D3-BF4B-00C04F79EFBC}") = "Enum", "Enum\Enum.csproj", "{9CB98B2E-0AC7-41DA-BD52-2DC8C7D2883A}"
EndProject
Global
	GlobalSection(SolutionConfigurationPlatforms) = preSolution
		Debug|Any CPU = Debug|Any CPU
		Release|Any CPU = Release|Any CPU
	EndGlobalSection
	GlobalSection(ProjectConfigurationPlatforms) = postSolution
		{9CB98B2E-0AC7-41DA-BD52-2DC8C7D2883A}.Debug|Any CPU.ActiveCfg = Debug|Any CPU
		{9CB98B2E-0AC7-41DA-BD52-2DC8C7D2883A}.Debug|Any CPU.Build.0 = Debug|Any CPU
		{9CB98B2E-0AC7-41DA-BD52-2DC8C7D2883A}.Release|Any CPU.ActiveCfg = Release|Any CPU
		{9CB98B2E-0AC7-41DA-BD52-2DC8C7D2883A}.Release|Any CPU.Build.0 = Release|Any CPU
	EndGlobalSection
	GlobalSection(SolutionProperties) = preSolution
		HideSolutionNode = FALSE
	EndGlobalSection
	GlobalSection(ExtensibilityGlobals) = postSolution
		SolutionGuid = {5FF41DE5-6876-4D89-B7D2-F7037EEA2870}
	EndGlobalSection
EndGlobal
