
Microsoft Visual Studio Solution File, Format Version 12.00
# Visual Studio Version 16
VisualStudioVersion = 16.0.29609.76
MinimumVisualStudioVersion = 10.0.40219.1
Project("{FAE04EC0-301F-11D3-BF4B-00C04F79EFBC}") = "ConstructoresHerencia", "ConstructoresHerencia\ConstructoresHerencia.csproj", "{B959EC05-CE87-46D0-A8AC-48E0B18B3E9F}"
EndProject
Global
	GlobalSection(SolutionConfigurationPlatforms) = preSolution
		Debug|Any CPU = Debug|Any CPU
		Release|Any CPU = Release|Any CPU
	EndGlobalSection
	GlobalSection(ProjectConfigurationPlatforms) = postSolution
		{B959EC05-CE87-46D0-A8AC-48E0B18B3E9F}.Debug|Any CPU.ActiveCfg = Debug|Any CPU
		{B959EC05-CE87-46D0-A8AC-48E0B18B3E9F}.Debug|Any CPU.Build.0 = Debug|Any CPU
		{B959EC05-CE87-46D0-A8AC-48E0B18B3E9F}.Release|Any CPU.ActiveCfg = Release|Any CPU
		{B959EC05-CE87-46D0-A8AC-48E0B18B3E9F}.Release|Any CPU.Build.0 = Release|Any CPU
	EndGlobalSection
	GlobalSection(SolutionProperties) = preSolution
		HideSolutionNode = FALSE
	EndGlobalSection
	GlobalSection(ExtensibilityGlobals) = postSolution
		SolutionGuid = {44774655-427B-4276-A268-F0575A54AAA0}
	EndGlobalSection
EndGlobal
